
Microsoft Visual Studio Solution File, Format Version 12.00
# Visual Studio Version 16
VisualStudioVersion = 16.0.34601.136
MinimumVisualStudioVersion = 10.0.40219.1
Project("{FAE04EC0-301F-11D3-BF4B-00C04F79EFBC}") = "figurasgeometricas", "figurasgeometricas.csproj", "{6B17A351-2270-4814-B271-F7F1F95FC50A}"
EndProject
Global
	GlobalSection(SolutionConfigurationPlatforms) = preSolution
		Debug|Any CPU = Debug|Any CPU
		Release|Any CPU = Release|Any CPU
	EndGlobalSection
	GlobalSection(ProjectConfigurationPlatforms) = postSolution
		{6B17A351-2270-4814-B271-F7F1F95FC50A}.Debug|Any CPU.ActiveCfg = Debug|Any CPU
		{6B17A351-2270-4814-B271-F7F1F95FC50A}.Debug|Any CPU.Build.0 = Debug|Any CPU
		{6B17A351-2270-4814-B271-F7F1F95FC50A}.Release|Any CPU.ActiveCfg = Release|Any CPU
		{6B17A351-2270-4814-B271-F7F1F95FC50A}.Release|Any CPU.Build.0 = Release|Any CPU
	EndGlobalSection
	GlobalSection(SolutionProperties) = preSolution
		HideSolutionNode = FALSE
	EndGlobalSection
	GlobalSection(ExtensibilityGlobals) = postSolution
		SolutionGuid = {1EA878EE-8D6B-48A0-8260-A0D68126C4E6}
	EndGlobalSection
EndGlobal
